
Microsoft Visual Studio Solution File, Format Version 12.00
# Visual Studio 15
Project("{FAE04EC0-301F-11D3-BF4B-00C04F79EFBC}") = "UnityEngine.UI", "UnityEngine.UI.csproj", "{A831388F-4F12-4198-1767-47ECCBF52A03}"
EndProject
Project("{FAE04EC0-301F-11D3-BF4B-00C04F79EFBC}") = "UnityEngine.TestRunner", "UnityEngine.TestRunner.csproj", "{BEA28E58-7DE6-B02A-E1AD-10EFBDDEF8B7}"
EndProject
Project("{FAE04EC0-301F-11D3-BF4B-00C04F79EFBC}") = "Unity.Mathematics", "Unity.Mathematics.csproj", "{9E7CCC37-B866-CC63-4BBC-C5DFF2002392}"
EndProject
Project("{FAE04EC0-301F-11D3-BF4B-00C04F79EFBC}") = "Unity.2D.Animation.Triangle.Runtime", "Unity.2D.Animation.Triangle.Runtime.csproj", "{4E4B4E57-CC21-1B16-9B98-19B180D78C37}"
EndProject
Project("{FAE04EC0-301F-11D3-BF4B-00C04F79EFBC}") = "Unity.Timeline", "Unity.Timeline.csproj", "{05D0BCF0-462E-758D-2802-F7A248BD0C6D}"
EndProject
Project("{FAE04EC0-301F-11D3-BF4B-00C04F79EFBC}") = "Unity.TextMeshPro", "Unity.TextMeshPro.csproj", "{66DB29D0-E17B-C28E-0427-618A06C8BD69}"
EndProject
Project("{FAE04EC0-301F-11D3-BF4B-00C04F79EFBC}") = "Unity.2D.Animation.Runtime", "Unity.2D.Animation.Runtime.csproj", "{1461A40F-948C-0ED9-C10E-0BF4C342574C}"
EndProject
Project("{FAE04EC0-301F-11D3-BF4B-00C04F79EFBC}") = "Unity.2D.IK.Runtime", "Unity.2D.IK.Runtime.csproj", "{66057721-E4DF-43FF-046F-B040D355C439}"
EndProject
Project("{FAE04EC0-301F-11D3-BF4B-00C04F79EFBC}") = "Unity.2D.SpriteShape.Runtime", "Unity.2D.SpriteShape.Runtime.csproj", "{8ABE4A55-2E56-47E7-C026-C358E41919F9}"
EndProject
Project("{FAE04EC0-301F-11D3-BF4B-00C04F79EFBC}") = "Assembly-CSharp", "Assembly-CSharp.csproj", "{BDBCE7D3-139D-3EDB-816D-FB1D73476D25}"
EndProject
Project("{FAE04EC0-301F-11D3-BF4B-00C04F79EFBC}") = "Unity.2D.PixelPerfect", "Unity.2D.PixelPerfect.csproj", "{850CA4F3-9F0E-0AE6-55B2-A01E69CCCD23}"
EndProject
Project("{FAE04EC0-301F-11D3-BF4B-00C04F79EFBC}") = "Unity.2D.Common.Runtime", "Unity.2D.Common.Runtime.csproj", "{1A14E836-9851-1044-530B-11F4EA3B335F}"
EndProject
Project("{FAE04EC0-301F-11D3-BF4B-00C04F79EFBC}") = "Unity.InternalAPIEngineBridge.001", "Unity.InternalAPIEngineBridge.001.csproj", "{753A8F0E-CB24-923C-AC52-BAA7AEAD2C3E}"
EndProject
Project("{FAE04EC0-301F-11D3-BF4B-00C04F79EFBC}") = "UnityEditor.TestRunner", "UnityEditor.TestRunner.csproj", "{A806DC37-F6AA-8196-9408-0C79BA01BED0}"
EndProject
Project("{FAE04EC0-301F-11D3-BF4B-00C04F79EFBC}") = "UnityEditor.UI", "UnityEditor.UI.csproj", "{FA0D7D50-AE9B-3D1D-913A-4A0E1DDD99B0}"
EndProject
Project("{FAE04EC0-301F-11D3-BF4B-00C04F79EFBC}") = "Unity.Timeline.Editor", "Unity.Timeline.Editor.csproj", "{69E9E96D-4A9B-22E1-F435-BECFDC87AEB5}"
EndProject
Project("{FAE04EC0-301F-11D3-BF4B-00C04F79EFBC}") = "Unity.VisualStudio.Editor", "Unity.VisualStudio.Editor.csproj", "{09C6457D-E5CC-0FED-2FD1-5D16D25ACBEF}"
EndProject
Project("{FAE04EC0-301F-11D3-BF4B-00C04F79EFBC}") = "Unity.2D.Psdimporter.Editor", "Unity.2D.Psdimporter.Editor.csproj", "{0C25DD08-B282-8B4C-EA63-57AD67A13165}"
EndProject
Project("{FAE04EC0-301F-11D3-BF4B-00C04F79EFBC}") = "Unity.2D.Animation.Editor", "Unity.2D.Animation.Editor.csproj", "{2C44565E-F670-79AA-96D4-6C136E8EC820}"
EndProject
Project("{FAE04EC0-301F-11D3-BF4B-00C04F79EFBC}") = "Unity.TextMeshPro.Editor", "Unity.TextMeshPro.Editor.csproj", "{E06F5A44-85BA-BDBD-3FEA-C821B082368E}"
EndProject
Project("{FAE04EC0-301F-11D3-BF4B-00C04F79EFBC}") = "Unity.2D.SpriteShape.Editor", "Unity.2D.SpriteShape.Editor.csproj", "{FA374DCC-5204-C18B-18C8-4806C42F9E30}"
EndProject
Project("{FAE04EC0-301F-11D3-BF4B-00C04F79EFBC}") = "Unity.CollabProxy.Editor", "Unity.CollabProxy.Editor.csproj", "{202D8F79-B137-D0D7-619A-4ECC7431F850}"
EndProject
Project("{FAE04EC0-301F-11D3-BF4B-00C04F79EFBC}") = "PsdPlugin", "PsdPlugin.csproj", "{95925AC4-2429-72A4-0636-883E588E12B8}"
EndProject
Project("{FAE04EC0-301F-11D3-BF4B-00C04F79EFBC}") = "Unity.2D.Path.Editor", "Unity.2D.Path.Editor.csproj", "{FF2C66DD-6535-1866-C31B-A1368F8DD976}"
EndProject
Project("{FAE04EC0-301F-11D3-BF4B-00C04F79EFBC}") = "Unity.Rider.Editor", "Unity.Rider.Editor.csproj", "{03164CD8-8C22-324D-A159-1290E4BF1BB9}"
EndProject
Project("{FAE04EC0-301F-11D3-BF4B-00C04F79EFBC}") = "Unity.2D.IK.Editor", "Unity.2D.IK.Editor.csproj", "{6096B022-16F2-5C64-E84C-B2987C6C641B}"
EndProject
Project("{FAE04EC0-301F-11D3-BF4B-00C04F79EFBC}") = "Unity.2D.Sprite.Editor", "Unity.2D.Sprite.Editor.csproj", "{BD766D27-54BF-5F5E-2687-24C8F7A1C0DB}"
EndProject
Project("{FAE04EC0-301F-11D3-BF4B-00C04F79EFBC}") = "Unity.2D.Tilemap.Editor", "Unity.2D.Tilemap.Editor.csproj", "{08E48E1E-70A1-AA25-75A2-3272537D4516}"
EndProject
Project("{FAE04EC0-301F-11D3-BF4B-00C04F79EFBC}") = "Unity.2D.PixelPerfect.Editor", "Unity.2D.PixelPerfect.Editor.csproj", "{6080E4D2-BB36-5C0A-97CB-0A92C0B24552}"
EndProject
Project("{FAE04EC0-301F-11D3-BF4B-00C04F79EFBC}") = "Unity.VSCode.Editor", "Unity.VSCode.Editor.csproj", "{FE3787AB-C296-B420-3B3B-BB1D5B49F874}"
EndProject
Project("{FAE04EC0-301F-11D3-BF4B-00C04F79EFBC}") = "Unity.2D.Common.Editor", "Unity.2D.Common.Editor.csproj", "{D624BDD2-70F4-F2DA-521D-584F275A5DBB}"
EndProject
Project("{FAE04EC0-301F-11D3-BF4B-00C04F79EFBC}") = "Unity.Mathematics.Editor", "Unity.Mathematics.Editor.csproj", "{DC0DD792-4E50-D397-C769-0840D8A2998C}"
EndProject
Project("{FAE04EC0-301F-11D3-BF4B-00C04F79EFBC}") = "Unity.InternalAPIEditorBridge.001", "Unity.InternalAPIEditorBridge.001.csproj", "{B4FB9760-6287-2945-7D8B-9CE5AD31908F}"
EndProject
Global
	GlobalSection(SolutionConfigurationPlatforms) = preSolution
		Debug|Any CPU = Debug|Any CPU
		Release|Any CPU = Release|Any CPU
	EndGlobalSection
	GlobalSection(ProjectConfigurationPlatforms) = postSolution
		{A831388F-4F12-4198-1767-47ECCBF52A03}.Debug|Any CPU.ActiveCfg = Debug|Any CPU
		{A831388F-4F12-4198-1767-47ECCBF52A03}.Debug|Any CPU.Build.0 = Debug|Any CPU
		{A831388F-4F12-4198-1767-47ECCBF52A03}.Release|Any CPU.ActiveCfg = Release|Any CPU
		{A831388F-4F12-4198-1767-47ECCBF52A03}.Release|Any CPU.Build.0 = Release|Any CPU
		{BEA28E58-7DE6-B02A-E1AD-10EFBDDEF8B7}.Debug|Any CPU.ActiveCfg = Debug|Any CPU
		{BEA28E58-7DE6-B02A-E1AD-10EFBDDEF8B7}.Debug|Any CPU.Build.0 = Debug|Any CPU
		{BEA28E58-7DE6-B02A-E1AD-10EFBDDEF8B7}.Release|Any CPU.ActiveCfg = Release|Any CPU
		{BEA28E58-7DE6-B02A-E1AD-10EFBDDEF8B7}.Release|Any CPU.Build.0 = Release|Any CPU
		{9E7CCC37-B866-CC63-4BBC-C5DFF2002392}.Debug|Any CPU.ActiveCfg = Debug|Any CPU
		{9E7CCC37-B866-CC63-4BBC-C5DFF2002392}.Debug|Any CPU.Build.0 = Debug|Any CPU
		{9E7CCC37-B866-CC63-4BBC-C5DFF2002392}.Release|Any CPU.ActiveCfg = Release|Any CPU
		{9E7CCC37-B866-CC63-4BBC-C5DFF2002392}.Release|Any CPU.Build.0 = Release|Any CPU
		{4E4B4E57-CC21-1B16-9B98-19B180D78C37}.Debug|Any CPU.ActiveCfg = Debug|Any CPU
		{4E4B4E57-CC21-1B16-9B98-19B180D78C37}.Debug|Any CPU.Build.0 = Debug|Any CPU
		{4E4B4E57-CC21-1B16-9B98-19B180D78C37}.Release|Any CPU.ActiveCfg = Release|Any CPU
		{4E4B4E57-CC21-1B16-9B98-19B180D78C37}.Release|Any CPU.Build.0 = Release|Any CPU
		{05D0BCF0-462E-758D-2802-F7A248BD0C6D}.Debug|Any CPU.ActiveCfg = Debug|Any CPU
		{05D0BCF0-462E-758D-2802-F7A248BD0C6D}.Debug|Any CPU.Build.0 = Debug|Any CPU
		{05D0BCF0-462E-758D-2802-F7A248BD0C6D}.Release|Any CPU.ActiveCfg = Release|Any CPU
		{05D0BCF0-462E-758D-2802-F7A248BD0C6D}.Release|Any CPU.Build.0 = Release|Any CPU
		{66DB29D0-E17B-C28E-0427-618A06C8BD69}.Debug|Any CPU.ActiveCfg = Debug|Any CPU
		{66DB29D0-E17B-C28E-0427-618A06C8BD69}.Debug|Any CPU.Build.0 = Debug|Any CPU
		{66DB29D0-E17B-C28E-0427-618A06C8BD69}.Release|Any CPU.ActiveCfg = Release|Any CPU
		{66DB29D0-E17B-C28E-0427-618A06C8BD69}.Release|Any CPU.Build.0 = Release|Any CPU
		{1461A40F-948C-0ED9-C10E-0BF4C342574C}.Debug|Any CPU.ActiveCfg = Debug|Any CPU
		{1461A40F-948C-0ED9-C10E-0BF4C342574C}.Debug|Any CPU.Build.0 = Debug|Any CPU
		{1461A40F-948C-0ED9-C10E-0BF4C342574C}.Release|Any CPU.ActiveCfg = Release|Any CPU
		{1461A40F-948C-0ED9-C10E-0BF4C342574C}.Release|Any CPU.Build.0 = Release|Any CPU
		{66057721-E4DF-43FF-046F-B040D355C439}.Debug|Any CPU.ActiveCfg = Debug|Any CPU
		{66057721-E4DF-43FF-046F-B040D355C439}.Debug|Any CPU.Build.0 = Debug|Any CPU
		{66057721-E4DF-43FF-046F-B040D355C439}.Release|Any CPU.ActiveCfg = Release|Any CPU
		{66057721-E4DF-43FF-046F-B040D355C439}.Release|Any CPU.Build.0 = Release|Any CPU
		{8ABE4A55-2E56-47E7-C026-C358E41919F9}.Debug|Any CPU.ActiveCfg = Debug|Any CPU
		{8ABE4A55-2E56-47E7-C026-C358E41919F9}.Debug|Any CPU.Build.0 = Debug|Any CPU
		{8ABE4A55-2E56-47E7-C026-C358E41919F9}.Release|Any CPU.ActiveCfg = Release|Any CPU
		{8ABE4A55-2E56-47E7-C026-C358E41919F9}.Release|Any CPU.Build.0 = Release|Any CPU
		{BDBCE7D3-139D-3EDB-816D-FB1D73476D25}.Debug|Any CPU.ActiveCfg = Debug|Any CPU
		{BDBCE7D3-139D-3EDB-816D-FB1D73476D25}.Debug|Any CPU.Build.0 = Debug|Any CPU
		{BDBCE7D3-139D-3EDB-816D-FB1D73476D25}.Release|Any CPU.ActiveCfg = Release|Any CPU
		{BDBCE7D3-139D-3EDB-816D-FB1D73476D25}.Release|Any CPU.Build.0 = Release|Any CPU
		{850CA4F3-9F0E-0AE6-55B2-A01E69CCCD23}.Debug|Any CPU.ActiveCfg = Debug|Any CPU
		{850CA4F3-9F0E-0AE6-55B2-A01E69CCCD23}.Debug|Any CPU.Build.0 = Debug|Any CPU
		{850CA4F3-9F0E-0AE6-55B2-A01E69CCCD23}.Release|Any CPU.ActiveCfg = Release|Any CPU
		{850CA4F3-9F0E-0AE6-55B2-A01E69CCCD23}.Release|Any CPU.Build.0 = Release|Any CPU
		{1A14E836-9851-1044-530B-11F4EA3B335F}.Debug|Any CPU.ActiveCfg = Debug|Any CPU
		{1A14E836-9851-1044-530B-11F4EA3B335F}.Debug|Any CPU.Build.0 = Debug|Any CPU
		{1A14E836-9851-1044-530B-11F4EA3B335F}.Release|Any CPU.ActiveCfg = Release|Any CPU
		{1A14E836-9851-1044-530B-11F4EA3B335F}.Release|Any CPU.Build.0 = Release|Any CPU
		{753A8F0E-CB24-923C-AC52-BAA7AEAD2C3E}.Debug|Any CPU.ActiveCfg = Debug|Any CPU
		{753A8F0E-CB24-923C-AC52-BAA7AEAD2C3E}.Debug|Any CPU.Build.0 = Debug|Any CPU
		{753A8F0E-CB24-923C-AC52-BAA7AEAD2C3E}.Release|Any CPU.ActiveCfg = Release|Any CPU
		{753A8F0E-CB24-923C-AC52-BAA7AEAD2C3E}.Release|Any CPU.Build.0 = Release|Any CPU
		{A806DC37-F6AA-8196-9408-0C79BA01BED0}.Debug|Any CPU.ActiveCfg = Debug|Any CPU
		{A806DC37-F6AA-8196-9408-0C79BA01BED0}.Debug|Any CPU.Build.0 = Debug|Any CPU
		{A806DC37-F6AA-8196-9408-0C79BA01BED0}.Release|Any CPU.ActiveCfg = Release|Any CPU
		{A806DC37-F6AA-8196-9408-0C79BA01BED0}.Release|Any CPU.Build.0 = Release|Any CPU
		{FA0D7D50-AE9B-3D1D-913A-4A0E1DDD99B0}.Debug|Any CPU.ActiveCfg = Debug|Any CPU
		{FA0D7D50-AE9B-3D1D-913A-4A0E1DDD99B0}.Debug|Any CPU.Build.0 = Debug|Any CPU
		{FA0D7D50-AE9B-3D1D-913A-4A0E1DDD99B0}.Release|Any CPU.ActiveCfg = Release|Any CPU
		{FA0D7D50-AE9B-3D1D-913A-4A0E1DDD99B0}.Release|Any CPU.Build.0 = Release|Any CPU
		{69E9E96D-4A9B-22E1-F435-BECFDC87AEB5}.Debug|Any CPU.ActiveCfg = Debug|Any CPU
		{69E9E96D-4A9B-22E1-F435-BECFDC87AEB5}.Debug|Any CPU.Build.0 = Debug|Any CPU
		{69E9E96D-4A9B-22E1-F435-BECFDC87AEB5}.Release|Any CPU.ActiveCfg = Release|Any CPU
		{69E9E96D-4A9B-22E1-F435-BECFDC87AEB5}.Release|Any CPU.Build.0 = Release|Any CPU
		{09C6457D-E5CC-0FED-2FD1-5D16D25ACBEF}.Debug|Any CPU.ActiveCfg = Debug|Any CPU
		{09C6457D-E5CC-0FED-2FD1-5D16D25ACBEF}.Debug|Any CPU.Build.0 = Debug|Any CPU
		{09C6457D-E5CC-0FED-2FD1-5D16D25ACBEF}.Release|Any CPU.ActiveCfg = Release|Any CPU
		{09C6457D-E5CC-0FED-2FD1-5D16D25ACBEF}.Release|Any CPU.Build.0 = Release|Any CPU
		{0C25DD08-B282-8B4C-EA63-57AD67A13165}.Debug|Any CPU.ActiveCfg = Debug|Any CPU
		{0C25DD08-B282-8B4C-EA63-57AD67A13165}.Debug|Any CPU.Build.0 = Debug|Any CPU
		{0C25DD08-B282-8B4C-EA63-57AD67A13165}.Release|Any CPU.ActiveCfg = Release|Any CPU
		{0C25DD08-B282-8B4C-EA63-57AD67A13165}.Release|Any CPU.Build.0 = Release|Any CPU
		{2C44565E-F670-79AA-96D4-6C136E8EC820}.Debug|Any CPU.ActiveCfg = Debug|Any CPU
		{2C44565E-F670-79AA-96D4-6C136E8EC820}.Debug|Any CPU.Build.0 = Debug|Any CPU
		{2C44565E-F670-79AA-96D4-6C136E8EC820}.Release|Any CPU.ActiveCfg = Release|Any CPU
		{2C44565E-F670-79AA-96D4-6C136E8EC820}.Release|Any CPU.Build.0 = Release|Any CPU
		{E06F5A44-85BA-BDBD-3FEA-C821B082368E}.Debug|Any CPU.ActiveCfg = Debug|Any CPU
		{E06F5A44-85BA-BDBD-3FEA-C821B082368E}.Debug|Any CPU.Build.0 = Debug|Any CPU
		{E06F5A44-85BA-BDBD-3FEA-C821B082368E}.Release|Any CPU.ActiveCfg = Release|Any CPU
		{E06F5A44-85BA-BDBD-3FEA-C821B082368E}.Release|Any CPU.Build.0 = Release|Any CPU
		{FA374DCC-5204-C18B-18C8-4806C42F9E30}.Debug|Any CPU.ActiveCfg = Debug|Any CPU
		{FA374DCC-5204-C18B-18C8-4806C42F9E30}.Debug|Any CPU.Build.0 = Debug|Any CPU
		{FA374DCC-5204-C18B-18C8-4806C42F9E30}.Release|Any CPU.ActiveCfg = Release|Any CPU
		{FA374DCC-5204-C18B-18C8-4806C42F9E30}.Release|Any CPU.Build.0 = Release|Any CPU
		{202D8F79-B137-D0D7-619A-4ECC7431F850}.Debug|Any CPU.ActiveCfg = Debug|Any CPU
		{202D8F79-B137-D0D7-619A-4ECC7431F850}.Debug|Any CPU.Build.0 = Debug|Any CPU
		{202D8F79-B137-D0D7-619A-4ECC7431F850}.Release|Any CPU.ActiveCfg = Release|Any CPU
		{202D8F79-B137-D0D7-619A-4ECC7431F850}.Release|Any CPU.Build.0 = Release|Any CPU
		{95925AC4-2429-72A4-0636-883E588E12B8}.Debug|Any CPU.ActiveCfg = Debug|Any CPU
		{95925AC4-2429-72A4-0636-883E588E12B8}.Debug|Any CPU.Build.0 = Debug|Any CPU
		{95925AC4-2429-72A4-0636-883E588E12B8}.Release|Any CPU.ActiveCfg = Release|Any CPU
		{95925AC4-2429-72A4-0636-883E588E12B8}.Release|Any CPU.Build.0 = Release|Any CPU
		{FF2C66DD-6535-1866-C31B-A1368F8DD976}.Debug|Any CPU.ActiveCfg = Debug|Any CPU
		{FF2C66DD-6535-1866-C31B-A1368F8DD976}.Debug|Any CPU.Build.0 = Debug|Any CPU
		{FF2C66DD-6535-1866-C31B-A1368F8DD976}.Release|Any CPU.ActiveCfg = Release|Any CPU
		{FF2C66DD-6535-1866-C31B-A1368F8DD976}.Release|Any CPU.Build.0 = Release|Any CPU
		{03164CD8-8C22-324D-A159-1290E4BF1BB9}.Debug|Any CPU.ActiveCfg = Debug|Any CPU
		{03164CD8-8C22-324D-A159-1290E4BF1BB9}.Debug|Any CPU.Build.0 = Debug|Any CPU
		{03164CD8-8C22-324D-A159-1290E4BF1BB9}.Release|Any CPU.ActiveCfg = Release|Any CPU
		{03164CD8-8C22-324D-A159-1290E4BF1BB9}.Release|Any CPU.Build.0 = Release|Any CPU
		{6096B022-16F2-5C64-E84C-B2987C6C641B}.Debug|Any CPU.ActiveCfg = Debug|Any CPU
		{6096B022-16F2-5C64-E84C-B2987C6C641B}.Debug|Any CPU.Build.0 = Debug|Any CPU
		{6096B022-16F2-5C64-E84C-B2987C6C641B}.Release|Any CPU.ActiveCfg = Release|Any CPU
		{6096B022-16F2-5C64-E84C-B2987C6C641B}.Release|Any CPU.Build.0 = Release|Any CPU
		{BD766D27-54BF-5F5E-2687-24C8F7A1C0DB}.Debug|Any CPU.ActiveCfg = Debug|Any CPU
		{BD766D27-54BF-5F5E-2687-24C8F7A1C0DB}.Debug|Any CPU.Build.0 = Debug|Any CPU
		{BD766D27-54BF-5F5E-2687-24C8F7A1C0DB}.Release|Any CPU.ActiveCfg = Release|Any CPU
		{BD766D27-54BF-5F5E-2687-24C8F7A1C0DB}.Release|Any CPU.Build.0 = Release|Any CPU
		{08E48E1E-70A1-AA25-75A2-3272537D4516}.Debug|Any CPU.ActiveCfg = Debug|Any CPU
		{08E48E1E-70A1-AA25-75A2-3272537D4516}.Debug|Any CPU.Build.0 = Debug|Any CPU
		{08E48E1E-70A1-AA25-75A2-3272537D4516}.Release|Any CPU.ActiveCfg = Release|Any CPU
		{08E48E1E-70A1-AA25-75A2-3272537D4516}.Release|Any CPU.Build.0 = Release|Any CPU
		{6080E4D2-BB36-5C0A-97CB-0A92C0B24552}.Debug|Any CPU.ActiveCfg = Debug|Any CPU
		{6080E4D2-BB36-5C0A-97CB-0A92C0B24552}.Debug|Any CPU.Build.0 = Debug|Any CPU
		{6080E4D2-BB36-5C0A-97CB-0A92C0B24552}.Release|Any CPU.ActiveCfg = Release|Any CPU
		{6080E4D2-BB36-5C0A-97CB-0A92C0B24552}.Release|Any CPU.Build.0 = Release|Any CPU
		{FE3787AB-C296-B420-3B3B-BB1D5B49F874}.Debug|Any CPU.ActiveCfg = Debug|Any CPU
		{FE3787AB-C296-B420-3B3B-BB1D5B49F874}.Debug|Any CPU.Build.0 = Debug|Any CPU
		{FE3787AB-C296-B420-3B3B-BB1D5B49F874}.Release|Any CPU.ActiveCfg = Release|Any CPU
		{FE3787AB-C296-B420-3B3B-BB1D5B49F874}.Release|Any CPU.Build.0 = Release|Any CPU
		{D624BDD2-70F4-F2DA-521D-584F275A5DBB}.Debug|Any CPU.ActiveCfg = Debug|Any CPU
		{D624BDD2-70F4-F2DA-521D-584F275A5DBB}.Debug|Any CPU.Build.0 = Debug|Any CPU
		{D624BDD2-70F4-F2DA-521D-584F275A5DBB}.Release|Any CPU.ActiveCfg = Release|Any CPU
		{D624BDD2-70F4-F2DA-521D-584F275A5DBB}.Release|Any CPU.Build.0 = Release|Any CPU
		{DC0DD792-4E50-D397-C769-0840D8A2998C}.Debug|Any CPU.ActiveCfg = Debug|Any CPU
		{DC0DD792-4E50-D397-C769-0840D8A2998C}.Debug|Any CPU.Build.0 = Debug|Any CPU
		{DC0DD792-4E50-D397-C769-0840D8A2998C}.Release|Any CPU.ActiveCfg = Release|Any CPU
		{DC0DD792-4E50-D397-C769-0840D8A2998C}.Release|Any CPU.Build.0 = Release|Any CPU
		{B4FB9760-6287-2945-7D8B-9CE5AD31908F}.Debug|Any CPU.ActiveCfg = Debug|Any CPU
		{B4FB9760-6287-2945-7D8B-9CE5AD31908F}.Debug|Any CPU.Build.0 = Debug|Any CPU
		{B4FB9760-6287-2945-7D8B-9CE5AD31908F}.Release|Any CPU.ActiveCfg = Release|Any CPU
		{B4FB9760-6287-2945-7D8B-9CE5AD31908F}.Release|Any CPU.Build.0 = Release|Any CPU
	EndGlobalSection
	GlobalSection(SolutionProperties) = preSolution
		HideSolutionNode = FALSE
	EndGlobalSection
EndGlobal
